
Microsoft Visual Studio Solution File, Format Version 12.00
# Visual Studio Version 16
VisualStudioVersion = 16.0.29409.12
MinimumVisualStudioVersion = 10.0.40219.1
Project("{2150E333-8FDC-42A3-9474-1A3956D46DE8}") = "1 - Application", "1 - Application", "{5BD44839-195B-43CE-B821-A46252A0569B}"
EndProject
Project("{2150E333-8FDC-42A3-9474-1A3956D46DE8}") = "2 - Domain", "2 - Domain", "{EAB9BBA3-1CC4-4905-B5FC-4184D694A863}"
EndProject
Project("{2150E333-8FDC-42A3-9474-1A3956D46DE8}") = "3 - Infra", "3 - Infra", "{19C744AC-1FE5-479E-ADB2-FF967EE7EB6E}"
EndProject
Project("{2150E333-8FDC-42A3-9474-1A3956D46DE8}") = "3.1 - Data", "3.1 - Data", "{A85E139F-7056-42DF-B48F-81E7DC4E6FFC}"
EndProject
Project("{2150E333-8FDC-42A3-9474-1A3956D46DE8}") = "3.2 - CrossCutting", "3.2 - CrossCutting", "{868CDD32-639E-41B9-8851-DCB15A4F2AB5}"
EndProject
Project("{9A19103F-16F7-4668-BE54-9A1E7A4F7556}") = "AccountService.Domain", "AccountService.Domain\AccountService.Domain.csproj", "{F05B5A14-1835-441F-81B7-6C846AFC8F1B}"
EndProject
Project("{2150E333-8FDC-42A3-9474-1A3956D46DE8}") = "Solution Items", "Solution Items", "{5FEC16CF-8A4C-4876-91D6-9C3C64316449}"
	ProjectSection(SolutionItems) = preProject
		.gitignore = .gitignore
		docker-compose.yml = docker-compose.yml
	EndProjectSection
EndProject
Project("{9A19103F-16F7-4668-BE54-9A1E7A4F7556}") = "AccountService.Infra.IoC", "AccountService.Infra.IoC\AccountService.Infra.IoC.csproj", "{93D6D93C-F215-49C2-8D8F-B480F2A517ED}"
EndProject
Project("{9A19103F-16F7-4668-BE54-9A1E7A4F7556}") = "AccountService.Infra.Data", "AccountService.Infra.Data\AccountService.Infra.Data.csproj", "{A4B534D2-48B2-4AE2-82B8-675C33826667}"
EndProject
Project("{2150E333-8FDC-42A3-9474-1A3956D46DE8}") = "src", "src", "{2B746C1C-37BB-433C-95B1-F00143FDDDCB}"
EndProject
Project("{9A19103F-16F7-4668-BE54-9A1E7A4F7556}") = "RabbitMQ.EventBus", "RabbitMQ.EventBus\RabbitMQ.EventBus.csproj", "{C51FF4A3-0D86-4318-A55C-154778A52C48}"
EndProject
Project("{9A19103F-16F7-4668-BE54-9A1E7A4F7556}") = "AccountService.Presentation.WebApi", "AccountService.Presentation.WebApi\AccountService.Presentation.WebApi.csproj", "{E772DA92-C150-4EDC-911C-2B7B403231C7}"
EndProject
Global
	GlobalSection(SolutionConfigurationPlatforms) = preSolution
		Debug|Any CPU = Debug|Any CPU
		Release|Any CPU = Release|Any CPU
	EndGlobalSection
	GlobalSection(ProjectConfigurationPlatforms) = postSolution
		{F05B5A14-1835-441F-81B7-6C846AFC8F1B}.Debug|Any CPU.ActiveCfg = Debug|Any CPU
		{F05B5A14-1835-441F-81B7-6C846AFC8F1B}.Debug|Any CPU.Build.0 = Debug|Any CPU
		{F05B5A14-1835-441F-81B7-6C846AFC8F1B}.Release|Any CPU.ActiveCfg = Release|Any CPU
		{F05B5A14-1835-441F-81B7-6C846AFC8F1B}.Release|Any CPU.Build.0 = Release|Any CPU
		{93D6D93C-F215-49C2-8D8F-B480F2A517ED}.Debug|Any CPU.ActiveCfg = Debug|Any CPU
		{93D6D93C-F215-49C2-8D8F-B480F2A517ED}.Debug|Any CPU.Build.0 = Debug|Any CPU
		{93D6D93C-F215-49C2-8D8F-B480F2A517ED}.Release|Any CPU.ActiveCfg = Release|Any CPU
		{93D6D93C-F215-49C2-8D8F-B480F2A517ED}.Release|Any CPU.Build.0 = Release|Any CPU
		{A4B534D2-48B2-4AE2-82B8-675C33826667}.Debug|Any CPU.ActiveCfg = Debug|Any CPU
		{A4B534D2-48B2-4AE2-82B8-675C33826667}.Debug|Any CPU.Build.0 = Debug|Any CPU
		{A4B534D2-48B2-4AE2-82B8-675C33826667}.Release|Any CPU.ActiveCfg = Release|Any CPU
		{A4B534D2-48B2-4AE2-82B8-675C33826667}.Release|Any CPU.Build.0 = Release|Any CPU
		{C51FF4A3-0D86-4318-A55C-154778A52C48}.Debug|Any CPU.ActiveCfg = Debug|Any CPU
		{C51FF4A3-0D86-4318-A55C-154778A52C48}.Debug|Any CPU.Build.0 = Debug|Any CPU
		{C51FF4A3-0D86-4318-A55C-154778A52C48}.Release|Any CPU.ActiveCfg = Release|Any CPU
		{C51FF4A3-0D86-4318-A55C-154778A52C48}.Release|Any CPU.Build.0 = Release|Any CPU
		{E772DA92-C150-4EDC-911C-2B7B403231C7}.Debug|Any CPU.ActiveCfg = Debug|Any CPU
		{E772DA92-C150-4EDC-911C-2B7B403231C7}.Debug|Any CPU.Build.0 = Debug|Any CPU
		{E772DA92-C150-4EDC-911C-2B7B403231C7}.Release|Any CPU.ActiveCfg = Release|Any CPU
		{E772DA92-C150-4EDC-911C-2B7B403231C7}.Release|Any CPU.Build.0 = Release|Any CPU
	EndGlobalSection
	GlobalSection(SolutionProperties) = preSolution
		HideSolutionNode = FALSE
	EndGlobalSection
	GlobalSection(NestedProjects) = preSolution
		{5BD44839-195B-43CE-B821-A46252A0569B} = {2B746C1C-37BB-433C-95B1-F00143FDDDCB}
		{EAB9BBA3-1CC4-4905-B5FC-4184D694A863} = {2B746C1C-37BB-433C-95B1-F00143FDDDCB}
		{19C744AC-1FE5-479E-ADB2-FF967EE7EB6E} = {2B746C1C-37BB-433C-95B1-F00143FDDDCB}
		{A85E139F-7056-42DF-B48F-81E7DC4E6FFC} = {19C744AC-1FE5-479E-ADB2-FF967EE7EB6E}
		{868CDD32-639E-41B9-8851-DCB15A4F2AB5} = {19C744AC-1FE5-479E-ADB2-FF967EE7EB6E}
		{F05B5A14-1835-441F-81B7-6C846AFC8F1B} = {EAB9BBA3-1CC4-4905-B5FC-4184D694A863}
		{93D6D93C-F215-49C2-8D8F-B480F2A517ED} = {868CDD32-639E-41B9-8851-DCB15A4F2AB5}
		{A4B534D2-48B2-4AE2-82B8-675C33826667} = {A85E139F-7056-42DF-B48F-81E7DC4E6FFC}
		{C51FF4A3-0D86-4318-A55C-154778A52C48} = {868CDD32-639E-41B9-8851-DCB15A4F2AB5}
		{E772DA92-C150-4EDC-911C-2B7B403231C7} = {5BD44839-195B-43CE-B821-A46252A0569B}
	EndGlobalSection
	GlobalSection(ExtensibilityGlobals) = postSolution
		SolutionGuid = {320697EF-698C-4BBA-A12D-3E672E09AA79}
	EndGlobalSection
EndGlobal
